
Microsoft Visual Studio Solution File, Format Version 12.00
# Visual Studio Express 15 for Windows Desktop
VisualStudioVersion = 15.0.34829.251
MinimumVisualStudioVersion = 10.0.40219.1
Project("{FAE04EC0-301F-11D3-BF4B-00C04F79EFBC}") = "01_atribuicao_de_variaveis_e_constantes", "01_atribuicao_de_variaveis_e_constantes\01_atribuicao_de_variaveis_e_constantes.csproj", "{DD5EBDD6-6843-48D4-8C6E-14500E14C7FD}"
EndProject
Global
	GlobalSection(SolutionConfigurationPlatforms) = preSolution
		Debug|Any CPU = Debug|Any CPU
		Release|Any CPU = Release|Any CPU
	EndGlobalSection
	GlobalSection(ProjectConfigurationPlatforms) = postSolution
		{DD5EBDD6-6843-48D4-8C6E-14500E14C7FD}.Debug|Any CPU.ActiveCfg = Debug|Any CPU
		{DD5EBDD6-6843-48D4-8C6E-14500E14C7FD}.Debug|Any CPU.Build.0 = Debug|Any CPU
		{DD5EBDD6-6843-48D4-8C6E-14500E14C7FD}.Release|Any CPU.ActiveCfg = Release|Any CPU
		{DD5EBDD6-6843-48D4-8C6E-14500E14C7FD}.Release|Any CPU.Build.0 = Release|Any CPU
	EndGlobalSection
	GlobalSection(SolutionProperties) = preSolution
		HideSolutionNode = FALSE
	EndGlobalSection
	GlobalSection(ExtensibilityGlobals) = postSolution
		SolutionGuid = {6F5E11B9-2CF7-46C8-91D6-21E515512FE7}
	EndGlobalSection
EndGlobal
