
Microsoft Visual Studio Solution File, Format Version 12.00
# Visual Studio Express 15 for Windows Desktop
VisualStudioVersion = 15.0.34829.251
MinimumVisualStudioVersion = 10.0.40219.1
Project("{FAE04EC0-301F-11D3-BF4B-00C04F79EFBC}") = "06_polimorfismo", "06_polimorfismo\06_polimorfismo.csproj", "{4E9F4A3D-EA7E-4BAA-BF5F-45983AAFA682}"
EndProject
Global
	GlobalSection(SolutionConfigurationPlatforms) = preSolution
		Debug|Any CPU = Debug|Any CPU
		Release|Any CPU = Release|Any CPU
	EndGlobalSection
	GlobalSection(ProjectConfigurationPlatforms) = postSolution
		{4E9F4A3D-EA7E-4BAA-BF5F-45983AAFA682}.Debug|Any CPU.ActiveCfg = Debug|Any CPU
		{4E9F4A3D-EA7E-4BAA-BF5F-45983AAFA682}.Debug|Any CPU.Build.0 = Debug|Any CPU
		{4E9F4A3D-EA7E-4BAA-BF5F-45983AAFA682}.Release|Any CPU.ActiveCfg = Release|Any CPU
		{4E9F4A3D-EA7E-4BAA-BF5F-45983AAFA682}.Release|Any CPU.Build.0 = Release|Any CPU
	EndGlobalSection
	GlobalSection(SolutionProperties) = preSolution
		HideSolutionNode = FALSE
	EndGlobalSection
	GlobalSection(ExtensibilityGlobals) = postSolution
		SolutionGuid = {D5290CFF-C7C8-47A9-8BC2-FA01F92FD35A}
	EndGlobalSection
EndGlobal
