
Microsoft Visual Studio Solution File, Format Version 12.00
# Visual Studio Express 15 for Windows Desktop
VisualStudioVersion = 15.0.34829.251
MinimumVisualStudioVersion = 10.0.40219.1
Project("{FAE04EC0-301F-11D3-BF4B-00C04F79EFBC}") = "01_Classes_pessoa_simples", "01_Classes_pessoa_simples\01_Classes_pessoa_simples.csproj", "{600DAB7F-7824-439B-91F2-8AFB9A000C60}"
EndProject
Global
	GlobalSection(SolutionConfigurationPlatforms) = preSolution
		Debug|Any CPU = Debug|Any CPU
		Release|Any CPU = Release|Any CPU
	EndGlobalSection
	GlobalSection(ProjectConfigurationPlatforms) = postSolution
		{600DAB7F-7824-439B-91F2-8AFB9A000C60}.Debug|Any CPU.ActiveCfg = Debug|Any CPU
		{600DAB7F-7824-439B-91F2-8AFB9A000C60}.Debug|Any CPU.Build.0 = Debug|Any CPU
		{600DAB7F-7824-439B-91F2-8AFB9A000C60}.Release|Any CPU.ActiveCfg = Release|Any CPU
		{600DAB7F-7824-439B-91F2-8AFB9A000C60}.Release|Any CPU.Build.0 = Release|Any CPU
	EndGlobalSection
	GlobalSection(SolutionProperties) = preSolution
		HideSolutionNode = FALSE
	EndGlobalSection
	GlobalSection(ExtensibilityGlobals) = postSolution
		SolutionGuid = {36665B12-E929-4872-AD9E-6FD0478EA5FB}
	EndGlobalSection
EndGlobal
