
Microsoft Visual Studio Solution File, Format Version 12.00
# Visual Studio Express 15 for Windows Desktop
VisualStudioVersion = 15.0.34829.251
MinimumVisualStudioVersion = 10.0.40219.1
Project("{FAE04EC0-301F-11D3-BF4B-00C04F79EFBC}") = "12_desafio_sistema_bancario", "12_desafio_sistema_bancario\12_desafio_sistema_bancario.csproj", "{62108505-ABC5-4F55-9DB7-A56242AB2B4C}"
EndProject
Global
	GlobalSection(SolutionConfigurationPlatforms) = preSolution
		Debug|Any CPU = Debug|Any CPU
		Release|Any CPU = Release|Any CPU
	EndGlobalSection
	GlobalSection(ProjectConfigurationPlatforms) = postSolution
		{62108505-ABC5-4F55-9DB7-A56242AB2B4C}.Debug|Any CPU.ActiveCfg = Debug|Any CPU
		{62108505-ABC5-4F55-9DB7-A56242AB2B4C}.Debug|Any CPU.Build.0 = Debug|Any CPU
		{62108505-ABC5-4F55-9DB7-A56242AB2B4C}.Release|Any CPU.ActiveCfg = Release|Any CPU
		{62108505-ABC5-4F55-9DB7-A56242AB2B4C}.Release|Any CPU.Build.0 = Release|Any CPU
	EndGlobalSection
	GlobalSection(SolutionProperties) = preSolution
		HideSolutionNode = FALSE
	EndGlobalSection
	GlobalSection(ExtensibilityGlobals) = postSolution
		SolutionGuid = {42555FB1-1FBC-4520-8597-BFD4BA21C2FD}
	EndGlobalSection
EndGlobal
