
Microsoft Visual Studio Solution File, Format Version 12.00
# Visual Studio Express 15 for Windows Desktop
VisualStudioVersion = 15.0.34829.251
MinimumVisualStudioVersion = 10.0.40219.1
Project("{FAE04EC0-301F-11D3-BF4B-00C04F79EFBC}") = "Exercicio02", "Exercicio02\Exercicio02.csproj", "{EF98CD95-7D5C-42E2-B76F-313E7B31DC67}"
EndProject
Global
	GlobalSection(SolutionConfigurationPlatforms) = preSolution
		Debug|Any CPU = Debug|Any CPU
		Release|Any CPU = Release|Any CPU
	EndGlobalSection
	GlobalSection(ProjectConfigurationPlatforms) = postSolution
		{EF98CD95-7D5C-42E2-B76F-313E7B31DC67}.Debug|Any CPU.ActiveCfg = Debug|Any CPU
		{EF98CD95-7D5C-42E2-B76F-313E7B31DC67}.Debug|Any CPU.Build.0 = Debug|Any CPU
		{EF98CD95-7D5C-42E2-B76F-313E7B31DC67}.Release|Any CPU.ActiveCfg = Release|Any CPU
		{EF98CD95-7D5C-42E2-B76F-313E7B31DC67}.Release|Any CPU.Build.0 = Release|Any CPU
	EndGlobalSection
	GlobalSection(SolutionProperties) = preSolution
		HideSolutionNode = FALSE
	EndGlobalSection
	GlobalSection(ExtensibilityGlobals) = postSolution
		SolutionGuid = {6A7A1895-C553-4BF0-82C8-4918B4333EF8}
	EndGlobalSection
EndGlobal
