
Microsoft Visual Studio Solution File, Format Version 12.00
# Visual Studio Express 15 for Windows Desktop
VisualStudioVersion = 15.0.34829.251
MinimumVisualStudioVersion = 10.0.40219.1
Project("{FAE04EC0-301F-11D3-BF4B-00C04F79EFBC}") = "09_estruturas_de_repeticao", "09_estruturas_de_repeticao\09_estruturas_de_repeticao.csproj", "{1BB11149-299C-4C71-9C75-213AF306A55B}"
EndProject
Global
	GlobalSection(SolutionConfigurationPlatforms) = preSolution
		Debug|Any CPU = Debug|Any CPU
		Release|Any CPU = Release|Any CPU
	EndGlobalSection
	GlobalSection(ProjectConfigurationPlatforms) = postSolution
		{1BB11149-299C-4C71-9C75-213AF306A55B}.Debug|Any CPU.ActiveCfg = Debug|Any CPU
		{1BB11149-299C-4C71-9C75-213AF306A55B}.Debug|Any CPU.Build.0 = Debug|Any CPU
		{1BB11149-299C-4C71-9C75-213AF306A55B}.Release|Any CPU.ActiveCfg = Release|Any CPU
		{1BB11149-299C-4C71-9C75-213AF306A55B}.Release|Any CPU.Build.0 = Release|Any CPU
	EndGlobalSection
	GlobalSection(SolutionProperties) = preSolution
		HideSolutionNode = FALSE
	EndGlobalSection
	GlobalSection(ExtensibilityGlobals) = postSolution
		SolutionGuid = {EEADA525-7E82-48FF-B42D-096A649F55B8}
	EndGlobalSection
EndGlobal
