
Microsoft Visual Studio Solution File, Format Version 12.00
# Visual Studio Express 15 for Windows Desktop
VisualStudioVersion = 15.0.34829.251
MinimumVisualStudioVersion = 10.0.40219.1
Project("{FAE04EC0-301F-11D3-BF4B-00C04F79EFBC}") = "02_Conta_bancaria_com_encap", "02_Conta_bancaria_com_encap\02_Conta_bancaria_com_encap.csproj", "{DFD9139C-F8CE-4163-872A-3FD74DCC7883}"
EndProject
Global
	GlobalSection(SolutionConfigurationPlatforms) = preSolution
		Debug|Any CPU = Debug|Any CPU
		Release|Any CPU = Release|Any CPU
	EndGlobalSection
	GlobalSection(ProjectConfigurationPlatforms) = postSolution
		{DFD9139C-F8CE-4163-872A-3FD74DCC7883}.Debug|Any CPU.ActiveCfg = Debug|Any CPU
		{DFD9139C-F8CE-4163-872A-3FD74DCC7883}.Debug|Any CPU.Build.0 = Debug|Any CPU
		{DFD9139C-F8CE-4163-872A-3FD74DCC7883}.Release|Any CPU.ActiveCfg = Release|Any CPU
		{DFD9139C-F8CE-4163-872A-3FD74DCC7883}.Release|Any CPU.Build.0 = Release|Any CPU
	EndGlobalSection
	GlobalSection(SolutionProperties) = preSolution
		HideSolutionNode = FALSE
	EndGlobalSection
	GlobalSection(ExtensibilityGlobals) = postSolution
		SolutionGuid = {EBF22DCA-E92C-42A1-B251-730694FC7BFD}
	EndGlobalSection
EndGlobal
