
Microsoft Visual Studio Solution File, Format Version 12.00
# Visual Studio Express 15 for Windows Desktop
VisualStudioVersion = 15.0.34829.251
MinimumVisualStudioVersion = 10.0.40219.1
Project("{FAE04EC0-301F-11D3-BF4B-00C04F79EFBC}") = "05_operadores_de_comparacao", "05_operadores_de_comparacao\05_operadores_de_comparacao.csproj", "{DDDB2FE2-1D08-43E8-962A-E3260CD99065}"
EndProject
Global
	GlobalSection(SolutionConfigurationPlatforms) = preSolution
		Debug|Any CPU = Debug|Any CPU
		Release|Any CPU = Release|Any CPU
	EndGlobalSection
	GlobalSection(ProjectConfigurationPlatforms) = postSolution
		{DDDB2FE2-1D08-43E8-962A-E3260CD99065}.Debug|Any CPU.ActiveCfg = Debug|Any CPU
		{DDDB2FE2-1D08-43E8-962A-E3260CD99065}.Debug|Any CPU.Build.0 = Debug|Any CPU
		{DDDB2FE2-1D08-43E8-962A-E3260CD99065}.Release|Any CPU.ActiveCfg = Release|Any CPU
		{DDDB2FE2-1D08-43E8-962A-E3260CD99065}.Release|Any CPU.Build.0 = Release|Any CPU
	EndGlobalSection
	GlobalSection(SolutionProperties) = preSolution
		HideSolutionNode = FALSE
	EndGlobalSection
	GlobalSection(ExtensibilityGlobals) = postSolution
		SolutionGuid = {84DA24A1-34A8-43B3-92CA-A4871918E661}
	EndGlobalSection
EndGlobal
