
Microsoft Visual Studio Solution File, Format Version 12.00
# Visual Studio Express 15 for Windows Desktop
VisualStudioVersion = 15.0.34829.251
MinimumVisualStudioVersion = 10.0.40219.1
Project("{FAE04EC0-301F-11D3-BF4B-00C04F79EFBC}") = "Exercicio07", "Exercicio07\Exercicio07.csproj", "{4A72E4E1-FCF3-490A-8E31-CBFE48A6437F}"
EndProject
Global
	GlobalSection(SolutionConfigurationPlatforms) = preSolution
		Debug|Any CPU = Debug|Any CPU
		Release|Any CPU = Release|Any CPU
	EndGlobalSection
	GlobalSection(ProjectConfigurationPlatforms) = postSolution
		{4A72E4E1-FCF3-490A-8E31-CBFE48A6437F}.Debug|Any CPU.ActiveCfg = Debug|Any CPU
		{4A72E4E1-FCF3-490A-8E31-CBFE48A6437F}.Debug|Any CPU.Build.0 = Debug|Any CPU
		{4A72E4E1-FCF3-490A-8E31-CBFE48A6437F}.Release|Any CPU.ActiveCfg = Release|Any CPU
		{4A72E4E1-FCF3-490A-8E31-CBFE48A6437F}.Release|Any CPU.Build.0 = Release|Any CPU
	EndGlobalSection
	GlobalSection(SolutionProperties) = preSolution
		HideSolutionNode = FALSE
	EndGlobalSection
	GlobalSection(ExtensibilityGlobals) = postSolution
		SolutionGuid = {86F356FB-B4F3-4D12-8DA2-275E129A0B94}
	EndGlobalSection
EndGlobal
