
Microsoft Visual Studio Solution File, Format Version 12.00
# Visual Studio Express 15 for Windows Desktop
VisualStudioVersion = 15.0.34829.251
MinimumVisualStudioVersion = 10.0.40219.1
Project("{FAE04EC0-301F-11D3-BF4B-00C04F79EFBC}") = "Exercicio10", "Exercicio10\Exercicio10.csproj", "{2074D9EC-7479-418C-A4F2-63ADE8867485}"
EndProject
Global
	GlobalSection(SolutionConfigurationPlatforms) = preSolution
		Debug|Any CPU = Debug|Any CPU
		Release|Any CPU = Release|Any CPU
	EndGlobalSection
	GlobalSection(ProjectConfigurationPlatforms) = postSolution
		{2074D9EC-7479-418C-A4F2-63ADE8867485}.Debug|Any CPU.ActiveCfg = Debug|Any CPU
		{2074D9EC-7479-418C-A4F2-63ADE8867485}.Debug|Any CPU.Build.0 = Debug|Any CPU
		{2074D9EC-7479-418C-A4F2-63ADE8867485}.Release|Any CPU.ActiveCfg = Release|Any CPU
		{2074D9EC-7479-418C-A4F2-63ADE8867485}.Release|Any CPU.Build.0 = Release|Any CPU
	EndGlobalSection
	GlobalSection(SolutionProperties) = preSolution
		HideSolutionNode = FALSE
	EndGlobalSection
	GlobalSection(ExtensibilityGlobals) = postSolution
		SolutionGuid = {982F6430-80A8-4E3A-804C-3371C51EB45F}
	EndGlobalSection
EndGlobal
